version = 1
revision = 3
requires-python = ">=3.9"
resolution-markers = [
    "python_full_version >= '3.10'",
    "python_full_version < '3.10'",
]

[[package]]
name = "colorama"
version = "0.4.6"
source = { registry = "https://pypi.org/simple" }
sdist = { url = "https://files.pythonhosted.org/packages/d8/53/6f443c9a4a8358a93a6792e2acffb9d9d5cb0a5cfd8802644b7b1c9a02e4/colorama-0.4.6.tar.gz", hash = "sha256:08695f5cb7ed6e0531a20572697297273c47b8cae5a63ffc6d6ed5c201be6e44", size = 27697, upload-time = "2022-10-25T02:36:22.414Z" }
wheels = [
    { url = "https://files.pythonhosted.org/packages/d1/d6/3965ed04c63042e047cb6a3e6ed1a63a35087b6a609aa3a15ed8ac56c221/colorama-0.4.6-py2.py3-none-any.whl", hash = "sha256:4f1d9991f5acc0ca119f9d443620b77f9d6b33703e51011c16baf57afb285fc6", size = 25335, upload-time = "2022-10-25T02:36:20.889Z" },
]

[[package]]
name = "exceptiongroup"
version = "1.3.1"
source = { registry = "https://pypi.org/simple" }
dependencies = [
    { name = "typing-extensions", marker = "python_full_version < '3.13'" },
]
sdist = { url = "https://files.pythonhosted.org/packages/50/79/66800aadf48771f6b62f7eb014e352e5d06856655206165d775e675a02c9/exceptiongroup-1.3.1.tar.gz", hash = "sha256:8b412432c6055b0b7d14c310000ae93352ed6754f70fa8f7c34141f91c4e3219", size = 30371, upload-time = "2025-11-21T23:01:54.787Z" }
wheels = [
    { url = "https://files.pythonhosted.org/packages/8a/0e/97c33bf5009bdbac74fd2beace167cab3f978feb69cc36f1ef79360d6c4e/exceptiongroup-1.3.1-py3-none-any.whl", hash = "sha256:a7a39a3bd276781e98394987d3a5701d0c4edffb633bb7a5144577f82c773598", size = 16740, upload-time = "2025-11-21T23:01:53.443Z" },
]

[[package]]
name = "iniconfig"
version = "2.1.0"
source = { registry = "https://pypi.org/simple" }
resolution-markers = [
    "python_full_version < '3.10'",
]
sdist = { url = "https://files.pythonhosted.org/packages/f2/97/ebf4da567aa6827c909642694d71c9fcf53e5b504f2d96afea02718862f3/iniconfig-2.1.0.tar.gz", hash = "sha256:3abbd2e30b36733fee78f9c7f7308f2d0050e88f0087fd25c2645f63c773e1c7", size = 4793, upload-time = "2025-03-19T20:09:59.721Z" }
wheels = [
    { url = "https://files.pythonhosted.org/packages/2c/e1/e6716421ea10d38022b952c159d5161ca1193197fb744506875fbb87ea7b/iniconfig-2.1.0-py3-none-any.whl", hash = "sha256:9deba5723312380e77435581c6bf4935c94cbfab9b1ed33ef8d238ea168eb760", size = 6050, upload-time = "2025-03-19T20:10:01.071Z" },
]

[[package]]
name = "iniconfig"
version = "2.3.0"
source = { registry = "https://pypi.org/simple" }
resolution-markers = [
    "python_full_version >= '3.10'",
]
sdist = { url = "https://files.pythonhosted.org/packages/72/34/14ca021ce8e5dfedc35312d08ba8bf51fdd999c576889fc2c24cb97f4f10/iniconfig-2.3.0.tar.gz", hash = "sha256:c76315c77db068650d49c5b56314774a7804df16fee4402c1f19d6d15d8c4730", size = 20503, upload-time = "2025-10-18T21:55:43.219Z" }
wheels = [
    { url = "https://files.pythonhosted.org/packages/cb/b1/3846dd7f199d53cb17f49cba7e651e9ce294d8497c8c150530ed11865bb8/iniconfig-2.3.0-py3-none-any.whl", hash = "sha256:f631c04d2c48c52b84d0d0549c99ff3859c98df65b3101406327ecc7d53fbf12", size = 7484, upload-time = "2025-10-18T21:55:41.639Z" },
]

[[package]]
name = "mlx"
version = "0.29.3"
source = { registry = "https://pypi.org/simple" }
resolution-markers = [
    "python_full_version < '3.10'",
]
dependencies = [
    { name = "mlx-metal", version = "0.29.3", source = { registry = "https://pypi.org/simple" }, marker = "python_full_version < '3.10' and sys_platform == 'darwin'" },
]
wheels = [
    { url = "https://files.pythonhosted.org/packages/a4/8a/743ff24a07f8cfd6fb14b3fe05f122f1d8e04e8a912b2f6d0e14369c8caf/mlx-0.29.3-cp310-cp310-macosx_13_0_arm64.whl", hash = "sha256:340d46443fe0b1e5d84c1e36aa633310de70365ce79aefcaa6f618e62bd4b045", size = 548930, upload-time = "2025-10-17T19:16:49.872Z" },
    { url = "https://files.pythonhosted.org/packages/b3/2a/af1b8391b6f543e59ca595f63aaddc33e320d3cc57a4c86ded6932d9dc3c/mlx-0.29.3-cp310-cp310-macosx_14_0_arm64.whl", hash = "sha256:8449c0e7c221e38368a734a471e0c4b1a7fea072947c75e893a1ee214f208d34", size = 548928, upload-time = "2025-10-17T19:16:58.275Z" },
    { url = "https://files.pythonhosted.org/packages/49/85/0c58bdc5733ba92f78f067fc25e131e34db46562719d7909cebfad9313c5/mlx-0.29.3-cp310-cp310-macosx_15_0_arm64.whl", hash = "sha256:1bba5203ed3f785167f5b8891c2e91ede23401586b0a723bfaf815a3ed450e3d", size = 548931, upload-time = "2025-10-17T19:16:52.198Z" },
    { url = "https://files.pythonhosted.org/packages/1b/53/a9648dff9544a201e9ed483f1e0b18cdd92d9be453d58f1fedfd99cde6e1/mlx-0.29.3-cp310-cp310-manylinux_2_35_x86_64.whl", hash = "sha256:ffb3a167da52baeb05756895298a2d582b5e9b9b9364b4a454b78b824a9fa482", size = 652400, upload-time = "2025-10-17T19:20:48.146Z" },
    { url = "https://files.pythonhosted.org/packages/94/13/3e91a37fa55dc0e9114620729ab61b27f45ed59053fc77846cad2df54f21/mlx-0.29.3-cp311-cp311-macosx_13_0_arm64.whl", hash = "sha256:0ffdf1f171c903adeaa688210ba39063059b102f3dcc52a64c2200d95d237f15", size = 549089, upload-time = "2025-10-17T19:17:00.446Z" },
    { url = "https://files.pythonhosted.org/packages/13/01/ce008d14fbd2e22b694f568ab4014e14c979a2262c5f8c10e06d4806709f/mlx-0.29.3-cp311-cp311-macosx_14_0_arm64.whl", hash = "sha256:e7d1d815be0d4a41e598bdb2992822dafd9ab0d59d4b88af760ee0b6584506b7", size = 549091, upload-time = "2025-10-17T19:16:54.428Z" },
    { url = "https://files.pythonhosted.org/packages/72/1c/45642746d36e91e26f3401e9b7931f92d8cc1eb6015cc40218628f320747/mlx-0.29.3-cp311-cp311-macosx_15_0_arm64.whl", hash = "sha256:d33bff69887fadfd85ce67b8e11318c2319984f3ad4157f871aa9d3beb9de972", size = 549092, upload-time = "2025-10-17T19:17:10.963Z" },
    { url = "https://files.pythonhosted.org/packages/cb/17/9c85fc6ebe6b8ad30c3e75c0cb869939df82146aa8728de1261adacc731d/mlx-0.29.3-cp311-cp311-manylinux_2_35_x86_64.whl", hash = "sha256:8ead74126ffcc1ae49f3b1e0e988620ffbb059c38184f4e9390e294808e2c614", size = 652523, upload-time = "2025-10-17T19:24:01.159Z" },
    { url = "https://files.pythonhosted.org/packages/07/f5/14e12e219a2715296150d35f930dc3a6ff319cd60126408e563f03100113/mlx-0.29.3-cp312-cp312-macosx_13_0_arm64.whl", hash = "sha256:86c62791ce930028d75c41b88b4e3ceb58f5f2e263ff9bfacda998b0c03d9544", size = 549516, upload-time = "2025-10-17T19:18:13.831Z" },
    { url = "https://files.pythonhosted.org/packages/c6/e2/5177c80e8c33a8be89fa45fa0a839d5b6a5578687d0ec973bf03638a4e73/mlx-0.29.3-cp312-cp312-macosx_14_0_arm64.whl", hash = "sha256:cddf6bcdc561094af6b3f0706f8768ecc5216a97eb6973e838c3ac2e2fca2cc8", size = 549509, upload-time = "2025-10-17T19:17:21.517Z" },
    { url = "https://files.pythonhosted.org/packages/11/89/aa424217a7a0291b84f8969d504ac63f5af0ef60f248fe5562c3d6e44048/mlx-0.29.3-cp312-cp312-macosx_15_0_arm64.whl", hash = "sha256:b2e1a249437d017a7425358420d28e641b7bc9c2650f3e013c1b1f4f239d8533", size = 549511, upload-time = "2025-10-17T19:16:54.227Z" },
    { url = "https://files.pythonhosted.org/packages/0e/c7/af484ab5a4864384dc8a5f6f8ade9a29bd6e7a652e535f2ca39cf473ce26/mlx-0.29.3-cp312-cp312-manylinux_2_35_x86_64.whl", hash = "sha256:f09f71ee958f04824b7c7b275a1c1deb052740f5e69eccbff6672e43d9d7f890", size = 649834, upload-time = "2025-10-17T19:23:59.474Z" },
    { url = "https://files.pythonhosted.org/packages/fe/a2/078152b45aa8a23949a1b09601d0044f8bb4ab85e909e4475a440c21aaea/mlx-0.29.3-cp313-cp313-macosx_13_0_arm64.whl", hash = "sha256:d59eccf6a1e1e131becc5a3910504507862da3a4e9b7bd9e73a625515d767844", size = 549585, upload-time = "2025-10-17T19:17:01.872Z" },
    { url = "https://files.pythonhosted.org/packages/ae/bb/869eaac4efaae033c13db5fddd6a8907b5d667d135a35a2e482b1af402ee/mlx-0.29.3-cp313-cp313-macosx_14_0_arm64.whl", hash = "sha256:6642aa0a6dc2242c024fb8274d00631a7e7ffbdcef26148afd299b877c1e6a4a", size = 549586, upload-time = "2025-10-17T19:16:57.844Z" },
    { url = "https://files.pythonhosted.org/packages/ad/76/196c248c2b2a471f795356564ad1d7dc40284160c8b66370ffadfd991fa1/mlx-0.29.3-cp313-cp313-macosx_15_0_arm64.whl", hash = "sha256:ec0aef311fab10cb5f2c274afa6edf6c482636096a5f7886aba43676454aa462", size = 549586, upload-time = "2025-10-17T19:16:39.912Z" },
    { url = "https://files.pythonhosted.org/packages/f2/90/d481dd70b351e28718cfc9a0deb229a75e140abda3ed59284cf635f93f12/mlx-0.29.3-cp313-cp313-manylinux_2_35_x86_64.whl", hash = "sha256:e217a99ece66832a2e631131df32e9feb047276b68ac59ca0ad63735842f6dd0", size = 649781, upload-time = "2025-10-17T19:21:26.075Z" },
    { url = "https://files.pythonhosted.org/packages/cf/eb/3ad14e1acb45bcccb3031247cb9fb3ad18d73fa647fed59fe238de99a68e/mlx-0.29.3-cp39-cp39-macosx_13_0_arm64.whl", hash = "sha256:c6778d023cc540a83a08caa750c9752523c24ddebd4201b2f34c9e0a2e109394", size = 549302, upload-time = "2025-10-17T19:19:28.002Z" },
    { url = "https://files.pythonhosted.org/packages/59/30/93cab1b5e59b879a5a4346684d7564a7e5d74e6f9448163c6b118f167cad/mlx-0.29.3-cp39-cp39-macosx_14_0_arm64.whl", hash = "sha256:30a1da8b2aeb4f4b405759b108abbbe3b4f8c5924ac3d550006509bc7bcbfc49", size = 549300, upload-time = "2025-10-17T19:18:44.123Z" },
    { url = "https://files.pythonhosted.org/packages/79/95/af0ebe08bc917b3ef2bd91e7c149c31000ce72deffbf55cd8d96e43ea208/mlx-0.29.3-cp39-cp39-macosx_15_0_arm64.whl", hash = "sha256:ac2409a1ba79149143232a02ae5b1a201864413979a76d8f9d63107022e0dce5", size = 549301, upload-time = "2025-10-17T19:18:39.994Z" },
    { url = "https://files.pythonhosted.org/packages/ab/3b/050b8cbe6e326a8ad982ef7690913cf8da6303e439029ce45a6de0476743/mlx-0.29.3-cp39-cp39-manylinux_2_35_x86_64.whl", hash = "sha256:efefa29663387f9340602d4b5906881398eda12f48882a60994fd2b379848d96", size = 653164, upload-time = "2025-10-17T19:24:01.274Z" },
]

[[package]]
name = "mlx"
version = "0.32.2"
source = { registry = "https://pypi.org/simple" }
resolution-markers = [
    "python_full_version >= '3.10'",
]
dependencies = [
    { name = "mlx-metal", version = "0.32.2", source = { registry = "https://pypi.org/simple" }, marker = "python_full_version >= '3.10' and sys_platform == 'darwin'" },
]
wheels = [
    { url = "https://files.pythonhosted.org/packages/18/96/315e758cb589406ca13e7ae951efa51f13b612af88244a72a6148a3cbc8e/mlx-0.32.2-cp310-cp310-macosx_14_0_arm64.whl", hash = "sha256:fe8c1ecdad687259944b76d67621b00536b00194557588a4604a45efcd238d8e", size = 626316, upload-time = "2026-08-25T10:31:23.275Z" },
    { url = "https://files.pythonhosted.org/packages/6c/22/4d8c37531625fc452e8a0bb00df31fbdc7381578d208ca3f4cb8069f6214/mlx-0.32.2-cp310-cp310-macosx_15_0_arm64.whl", hash = "sha256:c8b6ac97e9b0f0c3df50563af6a6e9aab72e9bc2872c8962fcfa84792013a1fe", size = 626317, upload-time = "2026-08-25T10:31:25.354Z" },
    { url = "https://files.pythonhosted.org/packages/ca/9c/04de2461873c311dca13ae427108ce783696e17834b0691961be1b7763bf/mlx-0.32.2-cp310-cp310-macosx_26_0_arm64.whl", hash = "sha256:a1d43722f22d95435ce344bacbaed09128b5b982b12a1b7d5f0b695696e7a84f", size = 626337, upload-time = "2026-08-25T10:31:26.82Z" },
    { url = "https://files.pythonhosted.org/packages/d4/57/f45c890be85e94edc11473abd908d666542010b71cda77859c525d54264d/mlx-0.32.2-cp310-cp310-manylinux_2_35_aarch64.whl", hash = "sha256:b50c3d6724ad36a7ed173043a78d2c2ec5fc1b83df8ccac562ccb049d80d8601", size = 710415, upload-time = "2026-08-25T10:31:28.565Z" },
    { url = "https://files.pythonhosted.org/packages/75/fd/5b722a98e4784c6741af8e68e637f2393c28ec675028ddfe4c134635bd62/mlx-0.32.2-cp310-cp310-manylinux_2_35_x86_64.whl", hash = "sha256:71865f82b36768f9d6f7d94a1e19a5609e85abe8e90577ab027e1b13da03c777", size = 749301, upload-time = "2026-08-25T10:31:30.629Z" },
    { url = "https://files.pythonhosted.org/packages/f6/6e/ad7f618711434b9206800fff481f9405fe6b9bd7db161f5afe4e576aec30/mlx-0.32.2-cp310-cp310-win_amd64.whl", hash = "sha256:b868f8e9c4f6d143c4977ae889960e7e5a5b07103ed50bcf00889be95a130335", size = 620873, upload-time = "2026-08-25T10:31:32.142Z" },
    { url = "https://files.pythonhosted.org/packages/4e/3c/f56f5de7188b0b5855046244b1ebb6f2055cc298c9f7336b69cc2013ad23/mlx-0.32.2-cp311-cp311-macosx_14_0_arm64.whl", hash = "sha256:238b50d2ee3917c836e73f9446011518b79ff094940eb0107fa6cd17d02a2eca", size = 625943, upload-time = "2026-08-25T10:31:33.737Z" },
    { url = "https://files.pythonhosted.org/packages/c4/77/a1f7b2ca95b5c5106eb00268a950e351deb3348cd5b5433861619d3b0de0/mlx-0.32.2-cp311-cp311-macosx_15_0_arm64.whl", hash = "sha256:e507dc67d268cf78254e17756f25057198fe74791508fcbd1e6d967673a8d374", size = 625943, upload-time = "2026-08-25T10:31:35.241Z" },
    { url = "https://files.pythonhosted.org/packages/16/f9/15c5b7313a73c33014e8082992a868b95b742c1966a57b684b7a3cffe597/mlx-0.32.2-cp311-cp311-macosx_26_0_arm64.whl", hash = "sha256:e0828c96a6b988afbe6f07cc39adc0470eba9121f7e356623a8fb9d9a6397533", size = 625981, upload-time = "2026-08-25T10:31:36.631Z" },
    { url = "https://files.pythonhosted.org/packages/29/6e/3ba0307df625f17848bc3b5f1afeeb3313393d14dab9d5854a40999c4406/mlx-0.32.2-cp311-cp311-manylinux_2_35_aarch64.whl", hash = "sha256:765af966cb92abceb9d50b382908bea606d0796c04a9b4957f98ab630d030c36", size = 710255, upload-time = "2026-08-25T10:31:38.083Z" },
    { url = "https://files.pythonhosted.org/packages/5e/27/2aba257085d29e9b50467b3640dc5303a55e689e117e44c6f35f44e94942/mlx-0.32.2-cp311-cp311-manylinux_2_35_x86_64.whl", hash = "sha256:4bc6709cd92a46de44caade61ec7831647005e66113243f681168f67001155d9", size = 749644, upload-time = "2026-08-25T10:31:39.676Z" },
    { url = "https://files.pythonhosted.org/packages/3c/76/26e668e91898031641118c5cb8f8d9c0d39e17ba1116d3ae8c1abd13260a/mlx-0.32.2-cp311-cp311-win_amd64.whl", hash = "sha256:cab5889fac45696cf2feb0e6157404cf814c0a54f1d44f1f6879d94b4d712b81", size = 620574, upload-time = "2026-08-25T10:31:41.122Z" },
    { url = "https://files.pythonhosted.org/packages/99/14/392db43b1cfef7d41705b1ebcbc393a818704b5d328f2050c16ed71d021a/mlx-0.32.2-cp311-cp311-win_arm64.whl", hash = "sha256:809ae9c6f944b5c60309eab5d6c042e4b69fb67bd9e87be86b8baa3f31df66e0", size = 605993, upload-time = "2026-08-25T10:31:42.635Z" },
    { url = "https://files.pythonhosted.org/packages/38/f7/5664e13821491559c953494e6705c818203d6880d713a0c22e12bead9564/mlx-0.32.2-cp312-cp312-macosx_14_0_arm64.whl", hash = "sha256:77217798a2b036bae9f213b851d4cde4581893787c9964458b7d471f86036bd6", size = 619370, upload-time = "2026-08-25T10:31:44.235Z" },
    { url = "https://files.pythonhosted.org/packages/bc/be/c821eed5b7c13b42c114aec54c757545d6eeecce25d3212ea7d18dd79cfd/mlx-0.32.2-cp312-cp312-macosx_15_0_arm64.whl", hash = "sha256:cf63fd5c32258ab07523b06401c20ee2280bf56e26e991d05bf6fd8a4d42d1f6", size = 619376, upload-time = "2026-08-25T10:31:45.647Z" },
    { url = "https://files.pythonhosted.org/packages/0b/eb/af6b1a8b45f24d22e4735c52e0696c66233bd477e1b9e9dbbef225bdf88b/mlx-0.32.2-cp312-cp312-macosx_26_0_arm64.whl", hash = "sha256:68560fd648c5bb900aa6f6765cd74c5a8abaf092d97d73584a57b7545966c227", size = 619488, upload-time = "2026-08-25T10:31:47.485Z" },
    { url = "https://files.pythonhosted.org/packages/42/9c/1acf68f9d27d24bf1abeb0b2cff93155e93af81af2f3f08206f8a32bbf86/mlx-0.32.2-cp312-cp312-manylinux_2_35_aarch64.whl", hash = "sha256:48e8738b078eeb7bfde74931fc02d8aa9c32f05d3c0dbf97b5c3cbe0470fbddf", size = 680208, upload-time = "2026-08-25T10:31:48.93Z" },
    { url = "https://files.pythonhosted.org/packages/e2/3b/d8cf1d13dd2d434095818cc6d28211e00b891a4a58a07b5ad5f0529a8162/mlx-0.32.2-cp312-cp312-manylinux_2_35_x86_64.whl", hash = "sha256:8d270ade1e48e006383a6b5f33a3a4ec5c265389299a60a60bf55165af1770d9", size = 743277, upload-time = "2026-08-25T10:31:50.351Z" },
    { url = "https://files.pythonhosted.org/packages/11/3b/f191c8f7ed84d50370fa8e4d390ed747dddd148c03756c8b7d4f7feb9084/mlx-0.32.2-cp312-cp312-win_amd64.whl", hash = "sha256:6c615ad1c6877d7d38affe8526446955cd48d6796e871150f59145cf0d1a265d", size = 620981, upload-time = "2026-08-25T10:31:51.749Z" },
    { url = "https://files.pythonhosted.org/packages/6d/54/4b8b690a5322a92271214e49480d083f253ab48c81825ade92473828846f/mlx-0.32.2-cp312-cp312-win_arm64.whl", hash = "sha256:65beb9ce75153072808ef18913ecca3d929b87be5d7c1f57d9df391c04b6f957", size = 607910, upload-time = "2026-08-25T10:31:53.269Z" },
    { url = "https://files.pythonhosted.org/packages/5e/d7/0f9717acf577621ff0899f311eaa16abbfd2ee5a5c2156313f49d080cb5f/mlx-0.32.2-cp313-cp313-macosx_14_0_arm64.whl", hash = "sha256:65d3d29b66045ed8dd2d8e437c8770de325843c364f7b7c38cd8ae90a7eec854", size = 619420, upload-time = "2026-08-25T10:31:55.042Z" },
    { url = "https://files.pythonhosted.org/packages/2d/96/d333b83d04c31046d49d9e1f915c9da76eb264b8e4205bd36d428d09421f/mlx-0.32.2-cp313-cp313-macosx_15_0_arm64.whl", hash = "sha256:daebf84dfb857d70e87b1b98189a057e691e99a4a2b9f6f64cadebad917f8964", size = 619418, upload-time = "2026-08-25T10:31:56.722Z" },
    { url = "https://files.pythonhosted.org/packages/38/96/9db8e27f384d83d3816ec7392c7a2b375979c14509d7f345d1fa3d05cac8/mlx-0.32.2-cp313-cp313-macosx_26_0_arm64.whl", hash = "sha256:df8c75e509de868fca148dfeb38d92ce956eed386569c87caeb72bd16d2d6962", size = 619417, upload-time = "2026-08-25T10:31:58.569Z" },
    { url = "https://files.pythonhosted.org/packages/f7/24/0af50b41582fc138024d77a7b94bf8b4950fc2cad034dc55e3ce2d9c979a/mlx-0.32.2-cp313-cp313-manylinux_2_35_aarch64.whl", hash = "sha256:45857fadb381fea3db57d9681b04c987813fa883f3182ec9fb05bc56f468978a", size = 679976, upload-time = "2026-08-25T10:32:00.466Z" },
    { url = "https://files.pythonhosted.org/packages/5d/db/3c6c37077949963e67594b05fc817c1a40d7b6b236cb9e90b6811963859c/mlx-0.32.2-cp313-cp313-manylinux_2_35_x86_64.whl", hash = "sha256:583111ec13fedf63ddbfefda77dabd57168978f06474f5e5d2637180d154fcc4", size = 743284, upload-time = "2026-08-25T10:32:02.281Z" },
    { url = "https://files.pythonhosted.org/packages/49/62/cb8e0bb55a318e0745a2534f478d313b84cd8efc305c5f9e1aec633458f5/mlx-0.32.2-cp313-cp313-win_amd64.whl", hash = "sha256:50ced716f4ab860cbda9d65adf74877923fe26036c4e28d8f572ecec57621cfc", size = 621080, upload-time = "2026-08-25T10:32:03.911Z" },
    { url = "https://files.pythonhosted.org/packages/88/6a/f2107ecd8d4322a81b49b9607a2f5005e9cbcf9f6972d74ddf61c3c61cca/mlx-0.32.2-cp313-cp313-win_arm64.whl", hash = "sha256:fe813a4dee2daa6d5ac496ef25117034728c77fe26f713983a3b406eb6f4e8f0", size = 607858, upload-time = "2026-08-25T10:32:05.715Z" },
    { url = "https://files.pythonhosted.org/packages/bf/86/c574112fc8193c6e032c4be3a394361dfa283a57e276a76538fa8da341df/mlx-0.32.2-cp313-cp313t-macosx_14_0_arm64.whl", hash = "sha256:dc5eb3cc30d4285f2734c368442f717599e97294663441cb42959e3b856d6898", size = 645041, upload-time = "2026-08-25T10:32:07.218Z" },
    { url = "https://files.pythonhosted.org/packages/10/44/d50dd35a356323105f2d25aa5b463869e6dfe6e75cb2422e738472b6127a/mlx-0.32.2-cp313-cp313t-macosx_15_0_arm64.whl", hash = "sha256:c95a384de1a0c0ba18425344cad8ac87180e3c5c1921a42e2621475be5966bcf", size = 645042, upload-time = "2026-08-25T10:32:08.879Z" },
    { url = "https://files.pythonhosted.org/packages/0f/a3/9feb2ed4bb045cb077beed6fec309154e3a4ec71ce6a714e8487d133e355/mlx-0.32.2-cp313-cp313t-macosx_26_0_arm64.whl", hash = "sha256:bc69bd1062b97028ae6b79522ed0bd635a2b133fe3c398c03b66b060c20d9240", size = 644908, upload-time = "2026-08-25T10:32:10.487Z" },
    { url = "https://files.pythonhosted.org/packages/7d/bb/b351f3b2bad9c8e67a612f9bba4e9fadb0f85db3cfa7bff45d05edc0cf9c/mlx-0.32.2-cp313-cp313t-manylinux_2_35_aarch64.whl", hash = "sha256:9d21abe340403b6bf445e8494590a7341b655739088c92f178d7bd4241ba0110", size = 695201, upload-time = "2026-08-25T10:32:12.222Z" },
    { url = "https://files.pythonhosted.org/packages/09/b3/a32e9312380efa2a0821e6abcf905b603942146cf4fb2e883dc130acbe42/mlx-0.32.2-cp313-cp313t-manylinux_2_35_x86_64.whl", hash = "sha256:f6071e4973927966c12b3894deb75f4fcfc33300e0705312a80fdbbaa92a9c4f", size = 751133, upload-time = "2026-08-25T10:32:13.818Z" },
    { url = "https://files.pythonhosted.org/packages/40/8a/c480999b9efaba3adaafa43abfebec40d3a1c9aa808091d3fe0700935c4c/mlx-0.32.2-cp313-cp313t-win_amd64.whl", hash = "sha256:f77e47e6c1e176a61ec1bb1f9e74d874482eea6eb86ffb162a1f3e789c806453", size = 652120, upload-time = "2026-08-25T10:32:15.576Z" },
    { url = "https://files.pythonhosted.org/packages/9a/f8/291c026e2eea82cdcfc86ed71da6757ab82e419b3aa30603da4bd2be93b9/mlx-0.32.2-cp313-cp313t-win_arm64.whl", hash = "sha256:c7670ffb854c11e6776349a3797fa076d1a2a00290ebe2e9cfed8b60ca4a5db0", size = 625676, upload-time = "2026-08-25T10:32:16.982Z" },
    { url = "https://files.pythonhosted.org/packages/35/c8/d4f7c648d6ea7baee986047ca30647a5733df5b9c77bb0a262dc5aca0843/mlx-0.32.2-cp314-cp314-macosx_14_0_arm64.whl", hash = "sha256:c99e3b6451bb4a55071cf19594f564435bd88de77008f377e611a40a8bbfb328", size = 622061, upload-time = "2026-08-25T10:32:18.571Z" },
    { url = "https://files.pythonhosted.org/packages/f8/c8/6928f4b9ca8f190c7c7a19c0a67920aa1742c62c6e66b05f7a1e21da728c/mlx-0.32.2-cp314-cp314-macosx_15_0_arm64.whl", hash = "sha256:8fc433e35a7058e30f7a225c39fce06ba41394fe8e9fd67383b70f0b06de398c", size = 622061, upload-time = "2026-08-25T10:32:20.097Z" },
    { url = "https://files.pythonhosted.org/packages/ce/f0/4cb126cdfffb6d976fedba1dc276cb714e1a37d6f47527dc5deeaa8a8668/mlx-0.32.2-cp314-cp314-macosx_26_0_arm64.whl", hash = "sha256:3503617e3aa6a8e411df53236d5bca039fcca97556f1ade1c4e5cc8a64de52d2", size = 621985, upload-time = "2026-08-25T10:32:22.017Z" },
    { url = "https://files.pythonhosted.org/packages/55/f4/36f3d90117dfbc5d8d537165cfd134243965c4d3907eb176e8048b1f5217/mlx-0.32.2-cp314-cp314-manylinux_2_35_aarch64.whl", hash = "sha256:5304e5db83d982d88cac54449b34daf4e928646c6ded8799a171f6966cb253a6", size = 680961, upload-time = "2026-08-25T10:32:23.588Z" },
    { url = "https://files.pythonhosted.org/packages/0c/92/84c6d75147224d53210b0195cfaa7b92101c2b911a3b9dbee69df0f4b2c1/mlx-0.32.2-cp314-cp314-manylinux_2_35_x86_64.whl", hash = "sha256:c0abc76090607b3522faad3e73580c5c5aff12158074297647508d8ab2ec035d", size = 743220, upload-time = "2026-08-25T10:32:25.089Z" },
    { url = "https://files.pythonhosted.org/packages/7b/2e/a6bb6b24d9e124c922fdfab4850e9c89494982f5ff88ef0e3a14f007ae97/mlx-0.32.2-cp314-cp314-win_amd64.whl", hash = "sha256:2382f3be0f254eb44f7e8571e9e7ff60f88d55ac2f95d0a141d8f997e4f487f0", size = 636050, upload-time = "2026-08-25T10:32:26.568Z" },
    { url = "https://files.pythonhosted.org/packages/00/ab/384bffa6cd275381e1e2b682a7c81e1dbc3fa03a64d0a0e28bddabfb2d4c/mlx-0.32.2-cp314-cp314-win_arm64.whl", hash = "sha256:8668d79d528753ebcb05c3cb8c4fb7a34800bee3f67f216202402f1301f71866", size = 621366, upload-time = "2026-08-25T10:32:27.993Z" },
    { url = "https://files.pythonhosted.org/packages/13/5d/2eb0b70061ba2f82c5c0f9cff4d60f502c014b5e15c8ede9e47ecff7eda4/mlx-0.32.2-cp314-cp314t-macosx_14_0_arm64.whl", hash = "sha256:1a76fa10040ceb6b119f015e5edce7678387f2c73ec51818cfc1a22441910795", size = 645173, upload-time = "2026-08-25T10:32:29.865Z" },
    { url = "https://files.pythonhosted.org/packages/87/16/ab4dad1e575c7b44283754bb70f6a24b14f4cba646dc4c605b6c49a8a376/mlx-0.32.2-cp314-cp314t-macosx_15_0_arm64.whl", hash = "sha256:0007e4a071756c07c79f4762aa6ccc1d646da2621f5221f4467ee9419733e0e4", size = 645173, upload-time = "2026-08-25T10:32:31.392Z" },
    { url = "https://files.pythonhosted.org/packages/9c/8e/45e8796e4be713a0126cdbe9a57cd2a89e6e91b034f89e4f6c42bd3f15df/mlx-0.32.2-cp314-cp314t-macosx_26_0_arm64.whl", hash = "sha256:94f4bba2183f6875f5f6de3e78939da1471626f2458c16a7ae6b494df8899d8e", size = 645132, upload-time = "2026-08-25T10:32:33.21Z" },
    { url = "https://files.pythonhosted.org/packages/07/a4/75e347cb300db2dd697003425972b2edf253fd057662a34752920cc25ede/mlx-0.32.2-cp314-cp314t-manylinux_2_35_aarch64.whl", hash = "sha256:41f436cd8dd2e052ed0eba0cbc3b7aa65069aed294c74c636a00d14e85352fca", size = 695226, upload-time = "2026-08-25T10:32:34.745Z" },
    { url = "https://files.pythonhosted.org/packages/6e/1d/651010dcf9159a5ad79e60a91e5c9f497ca81f243cc7b017bcdc44c8875e/mlx-0.32.2-cp314-cp314t-manylinux_2_35_x86_64.whl", hash = "sha256:4a1738951f6209c7c6a7d45a1c0192217ddd76cf7285433e22677b7a98fc3f62", size = 751085, upload-time = "2026-08-25T10:32:36.325Z" },
    { url = "https://files.pythonhosted.org/packages/cf/47/7dd7a3fd333859601e191f1d75afefa64115c1ec4b6862d03ada300a8aa6/mlx-0.32.2-cp314-cp314t-win_amd64.whl", hash = "sha256:52e2912df37d5712947fafa1c9949da6a15c8cd5fa6eeb837aa42900a3619489", size = 672313, upload-time = "2026-08-25T10:32:37.689Z" },
    { url = "https://files.pythonhosted.org/packages/f2/ef/ea528d5f51c7cf072f3bdda60d654d94364bb405bd31e566687bebd7b899/mlx-0.32.2-cp314-cp314t-win_arm64.whl", hash = "sha256:b4e34c337403e788900dea304453b52760134716ce7ef9fef4553ffe6c6c456b", size = 638733, upload-time = "2026-08-25T10:32:39.192Z" },
]

[[package]]
name = "mlx-kans"
version = "0.1.0"
source = { editable = "." }
dependencies = [
    { name = "mlx", version = "0.29.3", source = { registry = "https://pypi.org/simple" }, marker = "python_full_version < '3.10'" },
    { name = "mlx", version = "0.32.2", source = { registry = "https://pypi.org/simple" }, marker = "python_full_version >= '3.10'" },
]

[package.optional-dependencies]
dev = [
    { name = "pytest", version = "8.4.2", source = { registry = "https://pypi.org/simple" }, marker = "python_full_version < '3.10'" },
    { name = "pytest", version = "9.1.1", source = { registry = "https://pypi.org/simple" }, marker = "python_full_version >= '3.10'" },
]

[package.metadata]
requires-dist = [
    { name = "mlx", specifier = ">=0.10.0" },
    { name = "pytest", marker = "extra == 'dev'" },
]
provides-extras = ["dev"]

[[package]]
name = "mlx-metal"
version = "0.29.3"
source = { registry = "https://pypi.org/simple" }
resolution-markers = [
    "python_full_version < '3.10'",
]
wheels = [
    { url = "https://files.pythonhosted.org/packages/41/95/a00054a006df82bb1b5b8f666ae44a676b259146fadbff90fe654309fefc/mlx_metal-0.29.3-py3-none-macosx_13_0_arm64.whl", hash = "sha256:27b5a4d905202a71e84d9fd559ea0236813f6f960ef494e5cafe9c45df4c9d7c", size = 36817352, upload-time = "2025-10-17T19:19:25.801Z" },
    { url = "https://files.pythonhosted.org/packages/c0/d8/5ee91eac16dfcf0334103120b47d4abd8c890ccc0d73d3eee4770ce8810f/mlx_metal-0.29.3-py3-none-macosx_14_0_arm64.whl", hash = "sha256:f426d4b67f96b4d6f0ed50d5992933595aadb370dc3e9ed2410bafbc16229882", size = 36555573, upload-time = "2025-10-17T19:18:42.098Z" },
    { url = "https://files.pythonhosted.org/packages/cd/9a/39b7ecdf21cf2a39ced8d7933eed65c6cb38295cadfd0907dd1abd4d1ded/mlx_metal-0.29.3-py3-none-macosx_15_0_arm64.whl", hash = "sha256:106616f7f825851043c53d3dc186965c003985da9cbb6e5c034f35108fc1fc27", size = 36549163, upload-time = "2025-10-17T19:18:37.701Z" },
]

[[package]]
name = "mlx-metal"
version = "0.32.2"
source = { registry = "https://pypi.org/simple" }
resolution-markers = [
    "python_full_version >= '3.10'",
]
wheels = [
    { url = "https://files.pythonhosted.org/packages/f7/ab/ba1952908c5d2a5070cf1cfbfea0161c4751ea62299e2776819810917483/mlx_metal-0.32.2-py3-none-macosx_14_0_arm64.whl", hash = "sha256:3825fff379dbc107dd3413e564a06caeaa24819910ec49c0439e454c06a1b9b8", size = 42516623, upload-time = "2026-08-25T10:31:18.396Z" },
    { url = "https://files.pythonhosted.org/packages/79/ec/34f37376e26d537fadffb99af3a760d6545e37f5e1a30a552baadf237fc5/mlx_metal-0.32.2-py3-none-macosx_15_0_arm64.whl", hash = "sha256:55a369250d220b2cf10213a87a2ac1b1a420608c5b35b1df4e7147ac8e32f121", size = 42512323, upload-time = "2026-08-25T10:31:22.673Z" },
    { url = "https://files.pythonhosted.org/packages/dd/cd/4e50bf325100e7165e13d025f264362bf0009196269f9eaf87f2c6e738a2/mlx_metal-0.32.2-py3-none-macosx_26_0_arm64.whl", hash = "sha256:e6abeac9ac5265830c9c1541b6f96e9be37a85c2446763a46ad466c63a3837ab", size = 64367860, upload-time = "2026-08-25T10:31:28.056Z" },
]

[[package]]
name = "packaging"
version = "26.3"
source = { registry = "https://pypi.org/simple" }
sdist = { url = "https://files.pythonhosted.org/packages/7d/fa/3944b40b07da9ce895c0e6303a5ab7d53da063554f534556b134a54d6093/packaging-26.3.tar.gz", hash = "sha256:94edc256424af38762eb31306eed28beb9f0efc50a8837492c9d6fd6004aed79", size = 313412, upload-time = "2026-08-04T18:15:28.737Z" }
wheels = [
    { url = "https://files.pythonhosted.org/packages/63/34/ba1c580383c9eada3711951fef0795c80b829a078d72188184bcab9dd527/packaging-26.3-py3-none-any.whl", hash = "sha256:d7193f7c8e4e93f444fde0262bf90af30e16fa0ad0ad44cb553c87339b23cd1c", size = 129956, upload-time = "2026-08-04T18:15:27.159Z" },
]

[[package]]
name = "pluggy"
version = "1.6.0"
source = { registry = "https://pypi.org/simple" }
sdist = { url = "https://files.pythonhosted.org/packages/f9/e2/3e91f31a7d2b083fe6ef3fa267035b518369d9511ffab804f839851d2779/pluggy-1.6.0.tar.gz", hash = "sha256:7dcc130b76258d33b90f61b658791dede3486c3e6bfb003ee5c9bfb396dd22f3", size = 69412, upload-time = "2025-05-15T12:30:07.975Z" }
wheels = [
    { url = "https://files.pythonhosted.org/packages/54/20/4d324d65cc6d9205fabedc306948156824eb9f0ee1633355a8f7ec5c66bf/pluggy-1.6.0-py3-none-any.whl", hash = "sha256:e920276dd6813095e9377c0bc5566d94c932c33b27a3e3945d8389c374dd4746", size = 20538, upload-time = "2025-05-15T12:30:06.134Z" },
]

[[package]]
name = "pygments"
version = "2.21.0"
source = { registry = "https://pypi.org/simple" }
sdist = { url = "https://files.pythonhosted.org/packages/49/2e/ced460408999b33da6b31b0021b0f37d329e202d4169aeb164493778f25b/pygments-2.21.0.tar.gz", hash = "sha256:610ca751c9bc2492b38eb9a38a7fbc93edbbb2d7182edaf34e66ae493dee5c8c", size = 5005329, upload-time = "2026-08-17T08:02:48.824Z" }
wheels = [
    { url = "https://files.pythonhosted.org/packages/71/46/17f022dd3e953bf20a04a028a21ec746d942f8d2af30fa0f124fa0e6a684/pygments-2.21.0-py3-none-any.whl", hash = "sha256:2363c69b61c4a97c838da3b130dcd6468f4848992b21a82f2a63ec34377137d9", size = 1250147, upload-time = "2026-08-17T08:02:44.912Z" },
]

[[package]]
name = "pytest"
version = "8.4.2"
source = { registry = "https://pypi.org/simple" }
resolution-markers = [
    "python_full_version < '3.10'",
]
dependencies = [
    { name = "colorama", marker = "python_full_version < '3.10' and sys_platform == 'win32'" },
    { name = "exceptiongroup", marker = "python_full_version < '3.10'" },
    { name = "iniconfig", version = "2.1.0", source = { registry = "https://pypi.org/simple" }, marker = "python_full_version < '3.10'" },
    { name = "packaging", marker = "python_full_version < '3.10'" },
    { name = "pluggy", marker = "python_full_version < '3.10'" },
    { name = "pygments", marker = "python_full_version < '3.10'" },
    { name = "tomli", marker = "python_full_version < '3.10'" },
]
sdist = { url = "https://files.pythonhosted.org/packages/a3/5c/00a0e072241553e1a7496d638deababa67c5058571567b92a7eaa258397c/pytest-8.4.2.tar.gz", hash = "sha256:86c0d0b93306b961d58d62a4db4879f27fe25513d4b969df351abdddb3c30e01", size = 1519618, upload-time = "2025-09-04T14:34:22.711Z" }
wheels = [
    { url = "https://files.pythonhosted.org/packages/a8/a4/20da314d277121d6534b3a980b29035dcd51e6744bd79075a6ce8fa4eb8d/pytest-8.4.2-py3-none-any.whl", hash = "sha256:872f880de3fc3a5bdc88a11b39c9710c3497a547cfa9320bc3c5e62fbf272e79", size = 365750, upload-time = "2025-09-04T14:34:20.226Z" },
]

[[package]]
name = "pytest"
version = "9.1.1"
source = { registry = "https://pypi.org/simple" }
resolution-markers = [
    "python_full_version >= '3.10'",
]
dependencies = [
    { name = "colorama", marker = "python_full_version >= '3.10' and sys_platform == 'win32'" },
    { name = "exceptiongroup", marker = "python_full_version == '3.10.*'" },
    { name = "iniconfig", version = "2.3.0", source = { registry = "https://pypi.org/simple" }, marker = "python_full_version >= '3.10'" },
    { name = "packaging", marker = "python_full_version >= '3.10'" },
    { name = "pluggy", marker = "python_full_version >= '3.10'" },
    { name = "pygments", marker = "python_full_version >= '3.10'" },
    { name = "tomli", marker = "python_full_version == '3.10.*'" },
]
sdist = { url = "https://files.pythonhosted.org/packages/e4/47/b9efed96c114afcfa3c9d3fe98a76a1d14c74a9e266d397cf6eb64be5e01/pytest-9.1.1.tar.gz", hash = "sha256:1088fbde8f2b49d95a549a195707afa7a76a3ce9bcadc26b6d71f0ffda5fe313", size = 1636369, upload-time = "2026-06-19T10:58:32.857Z" }
wheels = [
    { url = "https://files.pythonhosted.org/packages/24/25/1de2678b631f5a49215c6c96fff41ba892b0a34df68d6d80292b1b48aa7f/pytest-9.1.1-py3-none-any.whl", hash = "sha256:37a86b45efb9a47a61a36449063e8e18d0cab3161329fc099eb21783169c4f0c", size = 386536, upload-time = "2026-06-19T10:58:31.347Z" },
]

[[package]]
name = "tomli"
version = "2.4.1"
source = { registry = "https://pypi.org/simple" }
sdist = { url = "https://files.pythonhosted.org/packages/22/de/48c59722572767841493b26183a0d1cc411d54fd759c5607c4590b6563a6/tomli-2.4.1.tar.gz", hash = "sha256:7c7e1a961a0b2f2472c1ac5b69affa0ae1132c39adcb67aba98568702b9cc23f", size = 17543, upload-time = "2026-03-25T20:22:03.828Z" }
wheels = [
    { url = "https://files.pythonhosted.org/packages/f4/11/db3d5885d8528263d8adc260bb2d28ebf1270b96e98f0e0268d32b8d9900/tomli-2.4.1-cp311-cp311-macosx_10_9_x86_64.whl", hash = "sha256:f8f0fc26ec2cc2b965b7a3b87cd19c5c6b8c5e5f436b984e85f486d652285c30", size = 154704, upload-time = "2026-03-25T20:21:10.473Z" },
    { url = "https://files.pythonhosted.org/packages/6d/f7/675db52c7e46064a9aa928885a9b20f4124ecb9bc2e1ce74c9106648d202/tomli-2.4.1-cp311-cp311-macosx_11_0_arm64.whl", hash = "sha256:4ab97e64ccda8756376892c53a72bd1f964e519c77236368527f758fbc36a53a", size = 149454, upload-time = "2026-03-25T20:21:12.036Z" },
    { url = "https://files.pythonhosted.org/packages/61/71/81c50943cf953efa35bce7646caab3cf457a7d8c030b27cfb40d7235f9ee/tomli-2.4.1-cp311-cp311-manylinux2014_aarch64.manylinux_2_17_aarch64.manylinux_2_28_aarch64.whl", hash = "sha256:96481a5786729fd470164b47cdb3e0e58062a496f455ee41b4403be77cb5a076", size = 237561, upload-time = "2026-03-25T20:21:13.098Z" },
    { url = "https://files.pythonhosted.org/packages/48/c1/f41d9cb618acccca7df82aaf682f9b49013c9397212cb9f53219e3abac37/tomli-2.4.1-cp311-cp311-manylinux2014_x86_64.manylinux_2_17_x86_64.manylinux_2_28_x86_64.whl", hash = "sha256:5a881ab208c0baf688221f8cecc5401bd291d67e38a1ac884d6736cbcd8247e9", size = 243824, upload-time = "2026-03-25T20:21:14.569Z" },
    { url = "https://files.pythonhosted.org/packages/22/e4/5a816ecdd1f8ca51fb756ef684b90f2780afc52fc67f987e3c61d800a46d/tomli-2.4.1-cp311-cp311-musllinux_1_2_aarch64.whl", hash = "sha256:47149d5bd38761ac8be13a84864bf0b7b70bc051806bc3669ab1cbc56216b23c", size = 242227, upload-time = "2026-03-25T20:21:15.712Z" },
    { url = "https://files.pythonhosted.org/packages/6b/49/2b2a0ef529aa6eec245d25f0c703e020a73955ad7edf73e7f54ddc608aa5/tomli-2.4.1-cp311-cp311-musllinux_1_2_x86_64.whl", hash = "sha256:ec9bfaf3ad2df51ace80688143a6a4ebc09a248f6ff781a9945e51937008fcbc", size = 247859, upload-time = "2026-03-25T20:21:17.001Z" },
    { url = "https://files.pythonhosted.org/packages/83/bd/6c1a630eaca337e1e78c5903104f831bda934c426f9231429396ce3c3467/tomli-2.4.1-cp311-cp311-win32.whl", hash = "sha256:ff2983983d34813c1aeb0fa89091e76c3a22889ee83ab27c5eeb45100560c049", size = 97204, upload-time = "2026-03-25T20:21:18.079Z" },
    { url = "https://files.pythonhosted.org/packages/42/59/71461df1a885647e10b6bb7802d0b8e66480c61f3f43079e0dcd315b3954/tomli-2.4.1-cp311-cp311-win_amd64.whl", hash = "sha256:5ee18d9ebdb417e384b58fe414e8d6af9f4e7a0ae761519fb50f721de398dd4e", size = 108084, upload-time = "2026-03-25T20:21:18.978Z" },
    { url = "https://files.pythonhosted.org/packages/b8/83/dceca96142499c069475b790e7913b1044c1a4337e700751f48ed723f883/tomli-2.4.1-cp311-cp311-win_arm64.whl", hash = "sha256:c2541745709bad0264b7d4705ad453b76ccd191e64aa6f0fc66b69a293a45ece", size = 95285, upload-time = "2026-03-25T20:21:20.309Z" },
    { url = "https://files.pythonhosted.org/packages/c1/ba/42f134a3fe2b370f555f44b1d72feebb94debcab01676bf918d0cb70e9aa/tomli-2.4.1-cp312-cp312-macosx_10_13_x86_64.whl", hash = "sha256:c742f741d58a28940ce01d58f0ab2ea3ced8b12402f162f4d534dfe18ba1cd6a", size = 155924, upload-time = "2026-03-25T20:21:21.626Z" },
    { url = "https://files.pythonhosted.org/packages/dc/c7/62d7a17c26487ade21c5422b646110f2162f1fcc95980ef7f63e73c68f14/tomli-2.4.1-cp312-cp312-macosx_11_0_arm64.whl", hash = "sha256:7f86fd587c4ed9dd76f318225e7d9b29cfc5a9d43de44e5754db8d1128487085", size = 150018, upload-time = "2026-03-25T20:21:23.002Z" },
    { url = "https://files.pythonhosted.org/packages/5c/05/79d13d7c15f13bdef410bdd49a6485b1c37d28968314eabee452c22a7fda/tomli-2.4.1-cp312-cp312-manylinux2014_aarch64.manylinux_2_17_aarch64.manylinux_2_28_aarch64.whl", hash = "sha256:ff18e6a727ee0ab0388507b89d1bc6a22b138d1e2fa56d1ad494586d61d2eae9", size = 244948, upload-time = "2026-03-25T20:21:24.04Z" },
    { url = "https://files.pythonhosted.org/packages/10/90/d62ce007a1c80d0b2c93e02cab211224756240884751b94ca72df8a875ca/tomli-2.4.1-cp312-cp312-manylinux2014_x86_64.manylinux_2_17_x86_64.manylinux_2_28_x86_64.whl", hash = "sha256:136443dbd7e1dee43c68ac2694fde36b2849865fa258d39bf822c10e8068eac5", size = 253341, upload-time = "2026-03-25T20:21:25.177Z" },
    { url = "https://files.pythonhosted.org/packages/1a/7e/caf6496d60152ad4ed09282c1885cca4eea150bfd007da84aea07bcc0a3e/tomli-2.4.1-cp312-cp312-musllinux_1_2_aarch64.whl", hash = "sha256:5e262d41726bc187e69af7825504c933b6794dc3fbd5945e41a79bb14c31f585", size = 248159, upload-time = "2026-03-25T20:21:26.364Z" },
    { url = "https://files.pythonhosted.org/packages/99/e7/c6f69c3120de34bbd882c6fba7975f3d7a746e9218e56ab46a1bc4b42552/tomli-2.4.1-cp312-cp312-musllinux_1_2_x86_64.whl", hash = "sha256:5cb41aa38891e073ee49d55fbc7839cfdb2bc0e600add13874d048c94aadddd1", size = 253290, upload-time = "2026-03-25T20:21:27.46Z" },
    { url = "https://files.pythonhosted.org/packages/d6/2f/4a3c322f22c5c66c4b836ec58211641a4067364f5dcdd7b974b4c5da300c/tomli-2.4.1-cp312-cp312-win32.whl", hash = "sha256:da25dc3563bff5965356133435b757a795a17b17d01dbc0f42fb32447ddfd917", size = 98141, upload-time = "2026-03-25T20:21:28.492Z" },
    { url = "https://files.pythonhosted.org/packages/24/22/4daacd05391b92c55759d55eaee21e1dfaea86ce5c571f10083360adf534/tomli-2.4.1-cp312-cp312-win_amd64.whl", hash = "sha256:52c8ef851d9a240f11a88c003eacb03c31fc1c9c4ec64a99a0f922b93874fda9", size = 108847, upload-time = "2026-03-25T20:21:29.386Z" },
    { url = "https://files.pythonhosted.org/packages/68/fd/70e768887666ddd9e9f5d85129e84910f2db2796f9096aa02b721a53098d/tomli-2.4.1-cp312-cp312-win_arm64.whl", hash = "sha256:f758f1b9299d059cc3f6546ae2af89670cb1c4d48ea29c3cacc4fe7de3058257", size = 95088, upload-time = "2026-03-25T20:21:30.677Z" },
    { url = "https://files.pythonhosted.org/packages/07/06/b823a7e818c756d9a7123ba2cda7d07bc2dd32835648d1a7b7b7a05d848d/tomli-2.4.1-cp313-cp313-macosx_10_13_x86_64.whl", hash = "sha256:36d2bd2ad5fb9eaddba5226aa02c8ec3fa4f192631e347b3ed28186d43be6b54", size = 155866, upload-time = "2026-03-25T20:21:31.65Z" },
    { url = "https://files.pythonhosted.org/packages/14/6f/12645cf7f08e1a20c7eb8c297c6f11d31c1b50f316a7e7e1e1de6e2e7b7e/tomli-2.4.1-cp313-cp313-macosx_11_0_arm64.whl", hash = "sha256:eb0dc4e38e6a1fd579e5d50369aa2e10acfc9cace504579b2faabb478e76941a", size = 149887, upload-time = "2026-03-25T20:21:33.028Z" },
    { url = "https://files.pythonhosted.org/packages/5c/e0/90637574e5e7212c09099c67ad349b04ec4d6020324539297b634a0192b0/tomli-2.4.1-cp313-cp313-manylinux2014_aarch64.manylinux_2_17_aarch64.manylinux_2_28_aarch64.whl", hash = "sha256:c7f2c7f2b9ca6bdeef8f0fa897f8e05085923eb091721675170254cbc5b02897", size = 243704, upload-time = "2026-03-25T20:21:34.51Z" },
    { url = "https://files.pythonhosted.org/packages/10/8f/d3ddb16c5a4befdf31a23307f72828686ab2096f068eaf56631e136c1fdd/tomli-2.4.1-cp313-cp313-manylinux2014_x86_64.manylinux_2_17_x86_64.manylinux_2_28_x86_64.whl", hash = "sha256:f3c6818a1a86dd6dca7ddcaaf76947d5ba31aecc28cb1b67009a5877c9a64f3f", size = 251628, upload-time = "2026-03-25T20:21:36.012Z" },
    { url = "https://files.pythonhosted.org/packages/e3/f1/dbeeb9116715abee2485bf0a12d07a8f31af94d71608c171c45f64c0469d/tomli-2.4.1-cp313-cp313-musllinux_1_2_aarch64.whl", hash = "sha256:d312ef37c91508b0ab2cee7da26ec0b3ed2f03ce12bd87a588d771ae15dcf82d", size = 247180, upload-time = "2026-03-25T20:21:37.136Z" },
    { url = "https://files.pythonhosted.org/packages/d3/74/16336ffd19ed4da28a70959f92f506233bd7cfc2332b20bdb01591e8b1d1/tomli-2.4.1-cp313-cp313-musllinux_1_2_x86_64.whl", hash = "sha256:51529d40e3ca50046d7606fa99ce3956a617f9b36380da3b7f0dd3dd28e68cb5", size = 251674, upload-time = "2026-03-25T20:21:38.298Z" },
    { url = "https://files.pythonhosted.org/packages/16/f9/229fa3434c590ddf6c0aa9af64d3af4b752540686cace29e6281e3458469/tomli-2.4.1-cp313-cp313-win32.whl", hash = "sha256:2190f2e9dd7508d2a90ded5ed369255980a1bcdd58e52f7fe24b8162bf9fedbd", size = 97976, upload-time = "2026-03-25T20:21:39.316Z" },
    { url = "https://files.pythonhosted.org/packages/6a/1e/71dfd96bcc1c775420cb8befe7a9d35f2e5b1309798f009dca17b7708c1e/tomli-2.4.1-cp313-cp313-win_amd64.whl", hash = "sha256:8d65a2fbf9d2f8352685bc1364177ee3923d6baf5e7f43ea4959d7d8bc326a36", size = 108755, upload-time = "2026-03-25T20:21:40.248Z" },
    { url = "https://files.pythonhosted.org/packages/83/7a/d34f422a021d62420b78f5c538e5b102f62bea616d1d75a13f0a88acb04a/tomli-2.4.1-cp313-cp313-win_arm64.whl", hash = "sha256:4b605484e43cdc43f0954ddae319fb75f04cc10dd80d830540060ee7cd0243cd", size = 95265, upload-time = "2026-03-25T20:21:41.219Z" },
    { url = "https://files.pythonhosted.org/packages/3c/fb/9a5c8d27dbab540869f7c1f8eb0abb3244189ce780ba9cd73f3770662072/tomli-2.4.1-cp314-cp314-macosx_10_15_x86_64.whl", hash = "sha256:fd0409a3653af6c147209d267a0e4243f0ae46b011aa978b1080359fddc9b6cf", size = 155726, upload-time = "2026-03-25T20:21:42.23Z" },
    { url = "https://files.pythonhosted.org/packages/62/05/d2f816630cc771ad836af54f5001f47a6f611d2d39535364f148b6a92d6b/tomli-2.4.1-cp314-cp314-macosx_11_0_arm64.whl", hash = "sha256:a120733b01c45e9a0c34aeef92bf0cf1d56cfe81ed9d47d562f9ed591a9828ac", size = 149859, upload-time = "2026-03-25T20:21:43.386Z" },
    { url = "https://files.pythonhosted.org/packages/ce/48/66341bdb858ad9bd0ceab5a86f90eddab127cf8b046418009f2125630ecb/tomli-2.4.1-cp314-cp314-manylinux2014_aarch64.manylinux_2_17_aarch64.manylinux_2_28_aarch64.whl", hash = "sha256:559db847dc486944896521f68d8190be1c9e719fced785720d2216fe7022b662", size = 244713, upload-time = "2026-03-25T20:21:44.474Z" },
    { url = "https://files.pythonhosted.org/packages/df/6d/c5fad00d82b3c7a3ab6189bd4b10e60466f22cfe8a08a9394185c8a8111c/tomli-2.4.1-cp314-cp314-manylinux2014_x86_64.manylinux_2_17_x86_64.manylinux_2_28_x86_64.whl", hash = "sha256:01f520d4f53ef97964a240a035ec2a869fe1a37dde002b57ebc4417a27ccd853", size = 252084, upload-time = "2026-03-25T20:21:45.62Z" },
    { url = "https://files.pythonhosted.org/packages/00/71/3a69e86f3eafe8c7a59d008d245888051005bd657760e96d5fbfb0b740c2/tomli-2.4.1-cp314-cp314-musllinux_1_2_aarch64.whl", hash = "sha256:7f94b27a62cfad8496c8d2513e1a222dd446f095fca8987fceef261225538a15", size = 247973, upload-time = "2026-03-25T20:21:46.937Z" },
    { url = "https://files.pythonhosted.org/packages/67/50/361e986652847fec4bd5e4a0208752fbe64689c603c7ae5ea7cb16b1c0ca/tomli-2.4.1-cp314-cp314-musllinux_1_2_x86_64.whl", hash = "sha256:ede3e6487c5ef5d28634ba3f31f989030ad6af71edfb0055cbbd14189ff240ba", size = 256223, upload-time = "2026-03-25T20:21:48.467Z" },
    { url = "https://files.pythonhosted.org/packages/8c/9a/b4173689a9203472e5467217e0154b00e260621caa227b6fa01feab16998/tomli-2.4.1-cp314-cp314-win32.whl", hash = "sha256:3d48a93ee1c9b79c04bb38772ee1b64dcf18ff43085896ea460ca8dec96f35f6", size = 98973, upload-time = "2026-03-25T20:21:49.526Z" },
    { url = "https://files.pythonhosted.org/packages/14/58/640ac93bf230cd27d002462c9af0d837779f8773bc03dee06b5835208214/tomli-2.4.1-cp314-cp314-win_amd64.whl", hash = "sha256:88dceee75c2c63af144e456745e10101eb67361050196b0b6af5d717254dddf7", size = 109082, upload-time = "2026-03-25T20:21:50.506Z" },
    { url = "https://files.pythonhosted.org/packages/d5/2f/702d5e05b227401c1068f0d386d79a589bb12bf64c3d2c72ce0631e3bc49/tomli-2.4.1-cp314-cp314-win_arm64.whl", hash = "sha256:b8c198f8c1805dc42708689ed6864951fd2494f924149d3e4bce7710f8eb5232", size = 96490, upload-time = "2026-03-25T20:21:51.474Z" },
    { url = "https://files.pythonhosted.org/packages/45/4b/b877b05c8ba62927d9865dd980e34a755de541eb65fffba52b4cc495d4d2/tomli-2.4.1-cp314-cp314t-macosx_10_15_x86_64.whl", hash = "sha256:d4d8fe59808a54658fcc0160ecfb1b30f9089906c50b23bcb4c69eddc19ec2b4", size = 164263, upload-time = "2026-03-25T20:21:52.543Z" },
    { url = "https://files.pythonhosted.org/packages/24/79/6ab420d37a270b89f7195dec5448f79400d9e9c1826df982f3f8e97b24fd/tomli-2.4.1-cp314-cp314t-macosx_11_0_arm64.whl", hash = "sha256:7008df2e7655c495dd12d2a4ad038ff878d4ca4b81fccaf82b714e07eae4402c", size = 160736, upload-time = "2026-03-25T20:21:53.674Z" },
    { url = "https://files.pythonhosted.org/packages/02/e0/3630057d8eb170310785723ed5adcdfb7d50cb7e6455f85ba8a3deed642b/tomli-2.4.1-cp314-cp314t-manylinux2014_aarch64.manylinux_2_17_aarch64.manylinux_2_28_aarch64.whl", hash = "sha256:1d8591993e228b0c930c4bb0db464bdad97b3289fb981255d6c9a41aedc84b2d", size = 270717, upload-time = "2026-03-25T20:21:55.129Z" },
    { url = "https://files.pythonhosted.org/packages/7a/b4/1613716072e544d1a7891f548d8f9ec6ce2faf42ca65acae01d76ea06bb0/tomli-2.4.1-cp314-cp314t-manylinux2014_x86_64.manylinux_2_17_x86_64.manylinux_2_28_x86_64.whl", hash = "sha256:734e20b57ba95624ecf1841e72b53f6e186355e216e5412de414e3c51e5e3c41", size = 278461, upload-time = "2026-03-25T20:21:56.228Z" },
    { url = "https://files.pythonhosted.org/packages/05/38/30f541baf6a3f6df77b3df16b01ba319221389e2da59427e221ef417ac0c/tomli-2.4.1-cp314-cp314t-musllinux_1_2_aarch64.whl", hash = "sha256:8a650c2dbafa08d42e51ba0b62740dae4ecb9338eefa093aa5c78ceb546fcd5c", size = 274855, upload-time = "2026-03-25T20:21:57.653Z" },
    { url = "https://files.pythonhosted.org/packages/77/a3/ec9dd4fd2c38e98de34223b995a3b34813e6bdadf86c75314c928350ed14/tomli-2.4.1-cp314-cp314t-musllinux_1_2_x86_64.whl", hash = "sha256:504aa796fe0569bb43171066009ead363de03675276d2d121ac1a4572397870f", size = 283144, upload-time = "2026-03-25T20:21:59.089Z" },
    { url = "https://files.pythonhosted.org/packages/ef/be/605a6261cac79fba2ec0c9827e986e00323a1945700969b8ee0b30d85453/tomli-2.4.1-cp314-cp314t-win32.whl", hash = "sha256:b1d22e6e9387bf4739fbe23bfa80e93f6b0373a7f1b96c6227c32bef95a4d7a8", size = 108683, upload-time = "2026-03-25T20:22:00.214Z" },
    { url = "https://files.pythonhosted.org/packages/12/64/da524626d3b9cc40c168a13da8335fe1c51be12c0a63685cc6db7308daae/tomli-2.4.1-cp314-cp314t-win_amd64.whl", hash = "sha256:2c1c351919aca02858f740c6d33adea0c5deea37f9ecca1cc1ef9e884a619d26", size = 121196, upload-time = "2026-03-25T20:22:01.169Z" },
    { url = "https://files.pythonhosted.org/packages/5a/cd/e80b62269fc78fc36c9af5a6b89c835baa8af28ff5ad28c7028d60860320/tomli-2.4.1-cp314-cp314t-win_arm64.whl", hash = "sha256:eab21f45c7f66c13f2a9e0e1535309cee140182a9cdae1e041d02e47291e8396", size = 100393, upload-time = "2026-03-25T20:22:02.137Z" },
    { url = "https://files.pythonhosted.org/packages/7b/61/cceae43728b7de99d9b847560c262873a1f6c98202171fd5ed62640b494b/tomli-2.4.1-py3-none-any.whl", hash = "sha256:0d85819802132122da43cb86656f8d1f8c6587d54ae7dcaf30e90533028b49fe", size = 14583, upload-time = "2026-03-25T20:22:03.012Z" },
]

[[package]]
name = "typing-extensions"
version = "4.16.0"
source = { registry = "https://pypi.org/simple" }
sdist = { url = "https://files.pythonhosted.org/packages/f6/cc/6253133b5bb138fc3306cebfbda2c520f545d36b5be2c7255cc528bb45d6/typing_extensions-4.16.0.tar.gz", hash = "sha256:dc983d19a509c94dba722ee6abd33940f7c05a89e243c47e907eb4db6f1a43e5", size = 113555, upload-time = "2026-07-02T08:40:05.92Z" }
wheels = [
    { url = "https://files.pythonhosted.org/packages/49/d3/b8441a820a491ddfc024b0b0cf0393375b75ea13866d9c66727e54c2fc80/typing_extensions-4.16.0-py3-none-any.whl", hash = "sha256:481caa481374e813c1b176ada14e97f1f67a4539ce9cfeb3f350d78d6370c2e8", size = 45571, upload-time = "2026-07-02T08:40:04.659Z" },
]
